// !$*UTF8*$!
{
	archiveVersion = 1;
	classes = {
	};
	objectVersion = 50;
	objects = {

/* Begin PBXBuildFile section */
		84E1BB34245038DE00832FDC /* AppDelegate.swift in Sources */ = {isa = PBXBuildFile; fileRef = 84E1BB33245038DE00832FDC /* AppDelegate.swift */; };
		84E1BB36245038DE00832FDC /* SceneDelegate.swift in Sources */ = {isa = PBXBuildFile; fileRef = 84E1BB35245038DE00832FDC /* SceneDelegate.swift */; };
		84E1BB38245038DE00832FDC /* ViewController.swift in Sources */ = {isa = PBXBuildFile; fileRef = 84E1BB37245038DE00832FDC /* ViewController.swift */; };
		84E1BB3B245038DE00832FDC /* Main.storyboard in Resources */ = {isa = PBXBuildFile; fileRef = 84E1BB39245038DE00832FDC /* Main.storyboard */; };
		84E1BB3D245038DF00832FDC /* Assets.xcassets in Resources */ = {isa = PBXBuildFile; fileRef = 84E1BB3C245038DF00832FDC /* Assets.xcassets */; };
		84E1BB40245038DF00832FDC /* LaunchScreen.storyboard in Resources */ = {isa = PBXBuildFile; fileRef = 84E1BB3E245038DF00832FDC /* LaunchScreen.storyboard */; };
/* End PBXBuildFile section */

/* Begin PBXFileReference section */
		84E1BB30245038DE00832FDC /* FastlaneGetStarted.app */ = {isa = PBXFileReference; explicitFileType = wrapper.application; includeInIndex = 0; path = FastlaneGetStarted.app; sourceTree = BUILT_PRODUCTS_DIR; };
		84E1BB33245038DE00832FDC /* AppDelegate.swift */ = {isa = PBXFileReference; lastKnownFileType = sourcecode.swift; path = AppDelegate.swift; sourceTree = "<group>"; };
		84E1BB35245038DE00832FDC /* SceneDelegate.swift */ = {isa = PBXFileReference; lastKnownFileType = sourcecode.swift; path = SceneDelegate.swift; sourceTree = "<group>"; };
		84E1BB37245038DE00832FDC /* ViewController.swift */ = {isa = PBXFileReference; lastKnownFileType = sourcecode.swift; path = ViewController.swift; sourceTree = "<group>"; };
		84E1BB3A245038DE00832FDC /* Base */ = {isa = PBXFileReference; lastKnownFileType = file.storyboard; name = Base; path = Base.lproj/Main.storyboard; sourceTree = "<group>"; };
		84E1BB3C245038DF00832FDC /* Assets.xcassets */ = {isa = PBXFileReference; lastKnownFileType = folder.assetcatalog; path = Assets.xcassets; sourceTree = "<group>"; };
		84E1BB3F245038DF00832FDC /* Base */ = {isa = PBXFileReference; lastKnownFileType = file.storyboard; name = Base; path = Base.lproj/LaunchScreen.storyboard; sourceTree = "<group>"; };
		84E1BB41245038DF00832FDC /* Info.plist */ = {isa = PBXFileReference; lastKnownFileType = text.plist.xml; path = Info.plist; sourceTree = "<group>"; };
/* End PBXFileReference section */

/* Begin PBXFrameworksBuildPhase section */
		84E1BB2D245038DE00832FDC /* Frameworks */ = {
			isa = PBXFrameworksBuildPhase;
			buildActionMask = 2147483647;
			files = (
			);
			runOnlyForDeploymentPostprocessing = 0;
		};
/* End PBXFrameworksBuildPhase section */

/* Begin PBXGroup section */
		84E1BB27245038DE00832FDC = {
			isa = PBXGroup;
			children = (
				84E1BB32245038DE00832FDC /* FastlaneGetStarted */,
				84E1BB31245038DE00832FDC /* Products */,
			);
			sourceTree = "<group>";
		};
		84E1BB31245038DE00832FDC /* Products */ = {
			isa = PBXGroup;
			children = (
				84E1BB30245038DE00832FDC /* FastlaneGetStarted.app */,
			);
			name = Products;
			sourceTree = "<group>";
		};
		84E1BB32245038DE00832FDC /* FastlaneGetStarted */ = {
			isa = PBXGroup;
			children = (
				84E1BB33245038DE00832FDC /* AppDelegate.swift */,
				84E1BB35245038DE00832FDC /* SceneDelegate.swift */,
				84E1BB37245038DE00832FDC /* ViewController.swift */,
				84E1BB39245038DE00832FDC /* Main.storyboard */,
				84E1BB3C245038DF00832FDC /* Assets.xcassets */,
				84E1BB3E245038DF00832FDC /* LaunchScreen.storyboard */,
				84E1BB41245038DF00832FDC /* Info.plist */,
			);
			path = FastlaneGetStarted;
			sourceTree = "<group>";
		};
/* End PBXGroup section */

/* Begin PBXNativeTarget section */
		84E1BB2F245038DE00832FDC /* FastlaneGetStarted */ = {
			isa = PBXNativeTarget;
			buildConfigurationList = 84E1BB44245038DF00832FDC /* Build configuration list for PBXNativeTarget "FastlaneGetStarted" */;
			buildPhases = (
				84E1BB2C245038DE00832FDC /* Sources */,
				84E1BB2D245038DE00832FDC /* Frameworks */,
				84E1BB2E245038DE00832FDC /* Resources */,
			);
			buildRules = (
			);
			dependencies = (
			);
			name = FastlaneGetStarted;
			productName = FastlaneGetStarted;
			productReference = 84E1BB30245038DE00832FDC /* FastlaneGetStarted.app */;
			productType = "com.apple.product-type.application";
		};
/* End PBXNativeTarget section */

/* Begin PBXProject section */
		84E1BB28245038DE00832FDC /* Project object */ = {
			isa = PBXProject;
			attributes = {
				LastSwiftUpdateCheck = 1130;
				LastUpgradeCheck = 1130;
				ORGANIZATIONNAME = ManojAher;
				TargetAttributes = {
					84E1BB2F245038DE00832FDC = {
						CreatedOnToolsVersion = 11.3;
					};
				};
			};
			buildConfigurationList = 84E1BB2B245038DE00832FDC /* Build configuration list for PBXProject "FastlaneGetStarted" */;
			compatibilityVersion = "Xcode 9.3";
			developmentRegion = en;
			hasScannedForEncodings = 0;
			knownRegions = (
				en,
				Base,
			);
			mainGroup = 84E1BB27245038DE00832FDC;
			productRefGroup = 84E1BB31245038DE00832FDC /* Products */;
			projectDirPath = "";
			projectRoot = "";
			targets = (
				84E1BB2F245038DE00832FDC /* FastlaneGetStarted */,
			);
		};
/* End PBXProject section */

/* Begin PBXResourcesBuildPhase section */
		84E1BB2E245038DE00832FDC /* Resources */ = {
			isa = PBXResourcesBuildPhase;
			buildActionMask = 2147483647;
			files = (
				84E1BB40245038DF00832FDC /* LaunchScreen.storyboard in Resources */,
				84E1BB3D245038DF00832FDC /* Assets.xcassets in Resources */,
				84E1BB3B245038DE00832FDC /* Main.storyboard in Resources */,
			);
			runOnlyForDeploymentPostprocessing = 0;
		};
/* End PBXResourcesBuildPhase section */

/* Begin PBXSourcesBuildPhase section */
		84E1BB2C245038DE00832FDC /* Sources */ = {
			isa = PBXSourcesBuildPhase;
			buildActionMask = 2147483647;
			files = (
				84E1BB38245038DE00832FDC /* ViewController.swift in Sources */,
				84E1BB34245038DE00832FDC /* AppDelegate.swift in Sources */,
				84E1BB36245038DE00832FDC /* SceneDelegate.swift in Sources */,
			);
			runOnlyForDeploymentPostprocessing = 0;
		};
/* End PBXSourcesBuildPhase section */

/* Begin PBXVariantGroup section */
		84E1BB39245038DE00832FDC /* Main.storyboard */ = {
			isa = PBXVariantGroup;
			children = (
				84E1BB3A245038DE00832FDC /* Base */,
			);
			name = Main.storyboard;
			sourceTree = "<group>";
		};
		84E1BB3E245038DF00832FDC /* LaunchScreen.storyboard */ = {
			isa = PBXVariantGroup;
			children = (
				84E1BB3F245038DF00832FDC /* Base */,
			);
			name = LaunchScreen.storyboard;
			sourceTree = "<group>";
		};
/* End PBXVariantGroup section */

/* Begin XCBuildConfiguration section */
		84E1BB42245038DF00832FDC /* Debug */ = {
			isa = XCBuildConfiguration;
			buildSettings = {
				ALWAYS_SEARCH_USER_PATHS = NO;
				CLANG_ANALYZER_NONNULL = YES;
				CLANG_ANALYZER_NUMBER_OBJECT_CONVERSION = YES_AGGRESSIVE;
				CLANG_CXX_LANGUAGE_STANDARD = "gnu++14";
				CLANG_CXX_LIBRARY = "libc++";
				CLANG_ENABLE_MODULES = YES;
				CLANG_ENABLE_OBJC_ARC = YES;
				CLANG_ENABLE_OBJC_WEAK = YES;
				CLANG_WARN_BLOCK_CAPTURE_AUTORELEASING = YES;
				CLANG_WARN_BOOL_CONVERSION = YES;
				CLANG_WARN_COMMA = YES;
				CLANG_WARN_CONSTANT_CONVERSION = YES;
				CLANG_WARN_DEPRECATED_OBJC_IMPLEMENTATIONS = YES;
				CLANG_WARN_DIRECT_OBJC_ISA_USAGE = YES_ERROR;
				CLANG_WARN_DOCUMENTATION_COMMENTS = YES;
				CLANG_WARN_EMPTY_BODY = YES;
				CLANG_WARN_ENUM_CONVERSION = YES;
				CLANG_WARN_INFINITE_RECURSION = YES;
				CLANG_WARN_INT_CONVERSION = YES;
				CLANG_WARN_NON_LITERAL_NULL_CONVERSION = YES;
				CLANG_WARN_OBJC_IMPLICIT_RETAIN_SELF = YES;
				CLANG_WARN_OBJC_LITERAL_CONVERSION = YES;
				CLANG_WARN_OBJC_ROOT_CLASS = YES_ERROR;
				CLANG_WARN_RANGE_LOOP_ANALYSIS = YES;
				CLANG_WARN_STRICT_PROTOTYPES = YES;
				CLANG_WARN_SUSPICIOUS_MOVE = YES;
				CLANG_WARN_UNGUARDED_AVAILABILITY = YES_AGGRESSIVE;
				CLANG_WARN_UNREACHABLE_CODE = YES;
				CLANG_WARN__DUPLICATE_METHOD_MATCH = YES;
				COPY_PHASE_STRIP = NO;
				DEBUG_INFORMATION_FORMAT = dwarf;
				ENABLE_STRICT_OBJC_MSGSEND = YES;
				ENABLE_TESTABILITY = YES;
				GCC_C_LANGUAGE_STANDARD = gnu11;
				GCC_DYNAMIC_NO_PIC = NO;
				GCC_NO_COMMON_BLOCKS = YES;
				GCC_OPTIMIZATION_LEVEL = 0;
				GCC_PREPROCESSOR_DEFINITIONS = (
					"DEBUG=1",
					"$(inherited)",
				);
				GCC_WARN_64_TO_32_BIT_CONVERSION = YES;
				GCC_WARN_ABOUT_RETURN_TYPE = YES_ERROR;
				GCC_WARN_UNDECLARED_SELECTOR = YES;
				GCC_WARN_UNINITIALIZED_AUTOS = YES_AGGRESSIVE;
				GCC_WARN_UNUSED_FUNCTION = YES;
				GCC_WARN_UNUSED_VARIABLE = YES;
				IPHONEOS_DEPLOYMENT_TARGET = 13.2;
				MTL_ENABLE_DEBUG_INFO = INCLUDE_SOURCE;
				MTL_FAST_MATH = YES;
				ONLY_ACTIVE_ARCH = YES;
				SDKROOT = iphoneos;
				SWIFT_ACTIVE_COMPILATION_CONDITIONS = DEBUG;
				SWIFT_OPTIMIZATION_LEVEL = "-Onone";
			};
			name = Debug;
		};
		84E1BB43245038DF00832FDC /* Release */ = {
			isa = XCBuildConfiguration;
			buildSettings = {
				ALWAYS_SEARCH_USER_PATHS = NO;
				CLANG_ANALYZER_NONNULL = YES;
				CLANG_ANALYZER_NUMBER_OBJECT_CONVERSION = YES_AGGRESSIVE;
				CLANG_CXX_LANGUAGE_STANDARD = "gnu++14";
				CLANG_CXX_LIBRARY = "libc++";
				CLANG_ENABLE_MODULES = YES;
				CLANG_ENABLE_OBJC_ARC = YES;
				CLANG_ENABLE_OBJC_WEAK = YES;
				CLANG_WARN_BLOCK_CAPTURE_AUTORELEASING = YES;
				CLANG_WARN_BOOL_CONVERSION = YES;
				CLANG_WARN_COMMA = YES;
				CLANG_WARN_CONSTANT_CONVERSION = YES;
				CLANG_WARN_DEPRECATED_OBJC_IMPLEMENTATIONS = YES;
				CLANG_WARN_DIRECT_OBJC_ISA_USAGE = YES_ERROR;
				CLANG_WARN_DOCUMENTATION_COMMENTS = YES;
				CLANG_WARN_EMPTY_BODY = YES;
				CLANG_WARN_ENUM_CONVERSION = YES;
				CLANG_WARN_INFINITE_RECURSION = YES;
				CLANG_WARN_INT_CONVERSION = YES;
				CLANG_WARN_NON_LITERAL_NULL_CONVERSION = YES;
				CLANG_WARN_OBJC_IMPLICIT_RETAIN_SELF = YES;
				CLANG_WARN_OBJC_LITERAL_CONVERSION = YES;
				CLANG_WARN_OBJC_ROOT_CLASS = YES_ERROR;
				CLANG_WARN_RANGE_LOOP_ANALYSIS = YES;
				CLANG_WARN_STRICT_PROTOTYPES = YES;
				CLANG_WARN_SUSPICIOUS_MOVE = YES;
				CLANG_WARN_UNGUARDED_AVAILABILITY = YES_AGGRESSIVE;
				CLANG_WARN_UNREACHABLE_CODE = YES;
				CLANG_WARN__DUPLICATE_METHOD_MATCH = YES;
				COPY_PHASE_STRIP = NO;
				DEBUG_INFORMATION_FORMAT = "dwarf-with-dsym";
				ENABLE_NS_ASSERTIONS = NO;
				ENABLE_STRICT_OBJC_MSGSEND = YES;
				GCC_C_LANGUAGE_STANDARD = gnu11;
				GCC_NO_COMMON_BLOCKS = YES;
				GCC_WARN_64_TO_32_BIT_CONVERSION = YES;
				GCC_WARN_ABOUT_RETURN_TYPE = YES_ERROR;
				GCC_WARN_UNDECLARED_SELECTOR = YES;
				GCC_WARN_UNINITIALIZED_AUTOS = YES_AGGRESSIVE;
				GCC_WARN_UNUSED_FUNCTION = YES;
				GCC_WARN_UNUSED_VARIABLE = YES;
				IPHONEOS_DEPLOYMENT_TARGET = 13.2;
				MTL_ENABLE_DEBUG_INFO = NO;
				MTL_FAST_MATH = YES;
				SDKROOT = iphoneos;
				SWIFT_COMPILATION_MODE = wholemodule;
				SWIFT_OPTIMIZATION_LEVEL = "-O";
				VALIDATE_PRODUCT = YES;
			};
			name = Release;
		};
		84E1BB45245038DF00832FDC /* Debug */ = {
			isa = XCBuildConfiguration;
			buildSettings = {
				ASSETCATALOG_COMPILER_APPICON_NAME = AppIcon;
				CODE_SIGN_STYLE = Automatic;
				DEVELOPMENT_TEAM = SRG4SF26ZB;
				INFOPLIST_FILE = FastlaneGetStarted/Info.plist;
				LD_RUNPATH_SEARCH_PATHS = (
					"$(inherited)",
					"@executable_path/Frameworks",
				);
				PRODUCT_BUNDLE_IDENTIFIER = com.manoj.com.FastlaneGetStarted;
				PRODUCT_NAME = "$(TARGET_NAME)";
				SWIFT_VERSION = 5.0;
				TARGETED_DEVICE_FAMILY = "1,2";
			};
			name = Debug;
		};
		84E1BB46245038DF00832FDC /* Release */ = {
			isa = XCBuildConfiguration;
			buildSettings = {
				ASSETCATALOG_COMPILER_APPICON_NAME = AppIcon;
				CODE_SIGN_STYLE = Automatic;
				DEVELOPMENT_TEAM = SRG4SF26ZB;
				INFOPLIST_FILE = FastlaneGetStarted/Info.plist;
				LD_RUNPATH_SEARCH_PATHS = (
					"$(inherited)",
					"@executable_path/Frameworks",
				);
				PRODUCT_BUNDLE_IDENTIFIER = com.manoj.com.FastlaneGetStarted;
				PRODUCT_NAME = "$(TARGET_NAME)";
				SWIFT_VERSION = 5.0;
				TARGETED_DEVICE_FAMILY = "1,2";
			};
			name = Release;
		};
/* End XCBuildConfiguration section */

/* Begin XCConfigurationList section */
		84E1BB2B245038DE00832FDC /* Build configuration list for PBXProject "FastlaneGetStarted" */ = {
			isa = XCConfigurationList;
			buildConfigurations = (
				84E1BB42245038DF00832FDC /* Debug */,
				84E1BB43245038DF00832FDC /* Release */,
			);
			defaultConfigurationIsVisible = 0;
			defaultConfigurationName = Release;
		};
		84E1BB44245038DF00832FDC /* Build configuration list for PBXNativeTarget "FastlaneGetStarted" */ = {
			isa = XCConfigurationList;
			buildConfigurations = (
				84E1BB45245038DF00832FDC /* Debug */,
				84E1BB46245038DF00832FDC /* Release */,
			);
			defaultConfigurationIsVisible = 0;
			defaultConfigurationName = Release;
		};
/* End XCConfigurationList section */
	};
	rootObject = 84E1BB28245038DE00832FDC /* Project object */;
}
